
Microsoft Visual Studio Solution File, Format Version 12.00
# Visual Studio Version 17
VisualStudioVersion = 17.5.33627.172
MinimumVisualStudioVersion = 10.0.40219.1
Project("{FAE04EC0-301F-11D3-BF4B-00C04F79EFBC}") = "WebScraperAPI", "WebScraperAPI\WebScraperAPI.csproj", "{22E6F6FC-F5F6-4907-9F68-D923CE634CCD}"
EndProject
Global
	GlobalSection(SolutionConfigurationPlatforms) = preSolution
		Debug|Any CPU = Debug|Any CPU
		Release|Any CPU = Release|Any CPU
	EndGlobalSection
	GlobalSection(ProjectConfigurationPlatforms) = postSolution
		{22E6F6FC-F5F6-4907-9F68-D923CE634CCD}.Debug|Any CPU.ActiveCfg = Debug|Any CPU
		{22E6F6FC-F5F6-4907-9F68-D923CE634CCD}.Debug|Any CPU.Build.0 = Debug|Any CPU
		{22E6F6FC-F5F6-4907-9F68-D923CE634CCD}.Release|Any CPU.ActiveCfg = Release|Any CPU
		{22E6F6FC-F5F6-4907-9F68-D923CE634CCD}.Release|Any CPU.Build.0 = Release|Any CPU
	EndGlobalSection
	GlobalSection(SolutionProperties) = preSolution
		HideSolutionNode = FALSE
	EndGlobalSection
	GlobalSection(ExtensibilityGlobals) = postSolution
		SolutionGuid = {055A92EA-A032-48F6-AC0D-613158B7ED9A}
	EndGlobalSection
EndGlobal
